
Microsoft Visual Studio Solution File, Format Version 12.00
# Visual Studio Version 17
VisualStudioVersion = 17.7.34031.279
MinimumVisualStudioVersion = 10.0.40219.1
Project("{9A19103F-16F7-4668-BE54-9A1E7A4F7556}") = "opdrachtarchitectuur", "opdrachtarchitectuur.csproj", "{5020D6B8-2FDF-40A7-B3B1-DE2E4DE47FA1}"
EndProject
Global
	GlobalSection(SolutionConfigurationPlatforms) = preSolution
		Debug|Any CPU = Debug|Any CPU
		Release|Any CPU = Release|Any CPU
	EndGlobalSection
	GlobalSection(ProjectConfigurationPlatforms) = postSolution
		{5020D6B8-2FDF-40A7-B3B1-DE2E4DE47FA1}.Debug|Any CPU.ActiveCfg = Debug|Any CPU
		{5020D6B8-2FDF-40A7-B3B1-DE2E4DE47FA1}.Debug|Any CPU.Build.0 = Debug|Any CPU
		{5020D6B8-2FDF-40A7-B3B1-DE2E4DE47FA1}.Release|Any CPU.ActiveCfg = Release|Any CPU
		{5020D6B8-2FDF-40A7-B3B1-DE2E4DE47FA1}.Release|Any CPU.Build.0 = Release|Any CPU
	EndGlobalSection
	GlobalSection(SolutionProperties) = preSolution
		HideSolutionNode = FALSE
	EndGlobalSection
	GlobalSection(ExtensibilityGlobals) = postSolution
		SolutionGuid = {EF10108A-A465-45AD-ADD3-2DB7D6CC1A95}
	EndGlobalSection
EndGlobal
